dependencies:
- name: postgrescluster
  repository: file://../postgrescluster
  version: 5.6.1
- name: svix
  repository: https://jshimko.github.io/helm-charts
  version: 0.6.1
digest: sha256:1091cb8a6970d61326971883e25d29ca8975fb20cb5c898ce8a3aca0b1dbe391
generated: "2024-10-01T16:45:00.95436-04:00"
