dependencies:
- name: postgresql
  repository: https://charts.bitnami.com/bitnami
  version: 16.7.14
- name: rabbitmq
  repository: https://charts.bitnami.com/bitnami
  version: 16.0.9
- name: postgrescluster
  repository: https://jshimko.github.io/helm-charts
  version: 6.0.0
digest: sha256:046a0fb1c6781a132b03e74fda44e8a567161fbc3fc45145d7e422e4739a9f84
generated: "2025-06-29T16:30:13.523845-04:00"
