dependencies:
- name: postgrescluster
  repository: https://jshimko.github.io/helm-charts
  version: 6.0.0
- name: redis
  repository: https://charts.bitnami.com/bitnami
  version: 21.2.6
digest: sha256:e6802e803886922374909aaff25d8ea3f0dd1600bc31a693aa7963f4dd5a1507
generated: "2025-06-29T16:49:56.694404-04:00"
