dependencies:
- name: postgrescluster
  repository: https://jshimko.github.io/helm-charts
  version: 5.6.2
- name: redis
  repository: https://charts.bitnami.com/bitnami
  version: 20.1.7
digest: sha256:aa5d988fb3c2f401c33093b1cee35cf5ccf9bb59c7eda526b47447a6a9deedd9
generated: "2024-10-07T10:31:27.852839-04:00"
